// !$*UTF8*$!
{
	archiveVersion = 1;
	classes = {
	};
	objectVersion = 46;
	objects = {

/* Begin PBXBuildFile section */
		38D65D3F715A1363DF7759DC /* Pods_FirebasePM.framework in Frameworks */ = {isa = PBXBuildFile; fileRef = 7DA2D35C8FDC052B4AC0AB2F /* Pods_FirebasePM.framework */; };
		9AFFCDAC1F150F5300C221D0 /* AppDelegate.swift in Sources */ = {isa = PBXBuildFile; fileRef = 9AFFCDAB1F150F5300C221D0 /* AppDelegate.swift */; };
		9AFFCDAE1F150F5300C221D0 /* ViewController.swift in Sources */ = {isa = PBXBuildFile; fileRef = 9AFFCDAD1F150F5300C221D0 /* ViewController.swift */; };
		9AFFCDB11F150F5300C221D0 /* Main.storyboard in Resources */ = {isa = PBXBuildFile; fileRef = 9AFFCDAF1F150F5300C221D0 /* Main.storyboard */; };
		9AFFCDB31F150F5300C221D0 /* Assets.xcassets in Resources */ = {isa = PBXBuildFile; fileRef = 9AFFCDB21F150F5300C221D0 /* Assets.xcassets */; };
		9AFFCDB61F150F5300C221D0 /* LaunchScreen.storyboard in Resources */ = {isa = PBXBuildFile; fileRef = 9AFFCDB41F150F5300C221D0 /* LaunchScreen.storyboard */; };
		9AFFCDBE1F150F6700C221D0 /* Podfile in Resources */ = {isa = PBXBuildFile; fileRef = 9AFFCDBD1F150F6700C221D0 /* Podfile */; };
		9AFFCDC01F15143E00C221D0 /* GoogleService-Info.plist in Resources */ = {isa = PBXBuildFile; fileRef = 9AFFCDBF1F15143E00C221D0 /* GoogleService-Info.plist */; };
/* End PBXBuildFile section */

/* Begin PBXFileReference section */
		7DA2D35C8FDC052B4AC0AB2F /* Pods_FirebasePM.framework */ = {isa = PBXFileReference; explicitFileType = wrapper.framework; includeInIndex = 0; path = Pods_FirebasePM.framework; sourceTree = BUILT_PRODUCTS_DIR; };
		9AFFCDA81F150F5300C221D0 /* FirebasePM.app */ = {isa = PBXFileReference; explicitFileType = wrapper.application; includeInIndex = 0; path = FirebasePM.app; sourceTree = BUILT_PRODUCTS_DIR; };
		9AFFCDAB1F150F5300C221D0 /* AppDelegate.swift */ = {isa = PBXFileReference; lastKnownFileType = sourcecode.swift; path = AppDelegate.swift; sourceTree = "<group>"; };
		9AFFCDAD1F150F5300C221D0 /* ViewController.swift */ = {isa = PBXFileReference; lastKnownFileType = sourcecode.swift; path = ViewController.swift; sourceTree = "<group>"; };
		9AFFCDB01F150F5300C221D0 /* Base */ = {isa = PBXFileReference; lastKnownFileType = file.storyboard; name = Base; path = Base.lproj/Main.storyboard; sourceTree = "<group>"; };
		9AFFCDB21F150F5300C221D0 /* Assets.xcassets */ = {isa = PBXFileReference; lastKnownFileType = folder.assetcatalog; path = Assets.xcassets; sourceTree = "<group>"; };
		9AFFCDB51F150F5300C221D0 /* Base */ = {isa = PBXFileReference; lastKnownFileType = file.storyboard; name = Base; path = Base.lproj/LaunchScreen.storyboard; sourceTree = "<group>"; };
		9AFFCDB71F150F5300C221D0 /* Info.plist */ = {isa = PBXFileReference; lastKnownFileType = text.plist.xml; path = Info.plist; sourceTree = "<group>"; };
		9AFFCDBD1F150F6700C221D0 /* Podfile */ = {isa = PBXFileReference; fileEncoding = 4; lastKnownFileType = text; path = Podfile; sourceTree = "<group>"; };
		9AFFCDBF1F15143E00C221D0 /* GoogleService-Info.plist */ = {isa = PBXFileReference; fileEncoding = 4; lastKnownFileType = text.plist.xml; path = "GoogleService-Info.plist"; sourceTree = "<group>"; };
		E61838C91390C953EC15EB79 /* Pods-FirebasePM.release.xcconfig */ = {isa = PBXFileReference; includeInIndex = 1; lastKnownFileType = text.xcconfig; name = "Pods-FirebasePM.release.xcconfig"; path = "Pods/Target Support Files/Pods-FirebasePM/Pods-FirebasePM.release.xcconfig"; sourceTree = "<group>"; };
		FF557D4BCF0828DABD4852AD /* Pods-FirebasePM.debug.xcconfig */ = {isa = PBXFileReference; includeInIndex = 1; lastKnownFileType = text.xcconfig; name = "Pods-FirebasePM.debug.xcconfig"; path = "Pods/Target Support Files/Pods-FirebasePM/Pods-FirebasePM.debug.xcconfig"; sourceTree = "<group>"; };
/* End PBXFileReference section */

/* Begin PBXFrameworksBuildPhase section */
		9AFFCDA51F150F5300C221D0 /* Frameworks */ = {
			isa = PBXFrameworksBuildPhase;
			buildActionMask = 2147483647;
			files = (
				38D65D3F715A1363DF7759DC /* Pods_FirebasePM.framework in Frameworks */,
			);
			runOnlyForDeploymentPostprocessing = 0;
		};
/* End PBXFrameworksBuildPhase section */

/* Begin PBXGroup section */
		6B519C2714425D8E87C50360 /* Frameworks */ = {
			isa = PBXGroup;
			children = (
				7DA2D35C8FDC052B4AC0AB2F /* Pods_FirebasePM.framework */,
			);
			name = Frameworks;
			sourceTree = "<group>";
		};
		9AFFCD9F1F150F5300C221D0 = {
			isa = PBXGroup;
			children = (
				9AFFCDBD1F150F6700C221D0 /* Podfile */,
				9AFFCDAA1F150F5300C221D0 /* FirebasePM */,
				9AFFCDA91F150F5300C221D0 /* Products */,
				B71903189D39005EEED49389 /* Pods */,
				6B519C2714425D8E87C50360 /* Frameworks */,
			);
			sourceTree = "<group>";
		};
		9AFFCDA91F150F5300C221D0 /* Products */ = {
			isa = PBXGroup;
			children = (
				9AFFCDA81F150F5300C221D0 /* FirebasePM.app */,
			);
			name = Products;
			sourceTree = "<group>";
		};
		9AFFCDAA1F150F5300C221D0 /* FirebasePM */ = {
			isa = PBXGroup;
			children = (
				9AFFCDAB1F150F5300C221D0 /* AppDelegate.swift */,
				9AFFCDAD1F150F5300C221D0 /* ViewController.swift */,
				9AFFCDAF1F150F5300C221D0 /* Main.storyboard */,
				9AFFCDB21F150F5300C221D0 /* Assets.xcassets */,
				9AFFCDB41F150F5300C221D0 /* LaunchScreen.storyboard */,
				9AFFCDBF1F15143E00C221D0 /* GoogleService-Info.plist */,
				9AFFCDB71F150F5300C221D0 /* Info.plist */,
			);
			path = FirebasePM;
			sourceTree = "<group>";
		};
		B71903189D39005EEED49389 /* Pods */ = {
			isa = PBXGroup;
			children = (
				FF557D4BCF0828DABD4852AD /* Pods-FirebasePM.debug.xcconfig */,
				E61838C91390C953EC15EB79 /* Pods-FirebasePM.release.xcconfig */,
			);
			name = Pods;
			sourceTree = "<group>";
		};
/* End PBXGroup section */

/* Begin PBXNativeTarget section */
		9AFFCDA71F150F5300C221D0 /* FirebasePM */ = {
			isa = PBXNativeTarget;
			buildConfigurationList = 9AFFCDBA1F150F5300C221D0 /* Build configuration list for PBXNativeTarget "FirebasePM" */;
			buildPhases = (
				16A6D2A47CA8EE84DDC31875 /* [CP] Check Pods Manifest.lock */,
				9AFFCDA41F150F5300C221D0 /* Sources */,
				9AFFCDA51F150F5300C221D0 /* Frameworks */,
				9AFFCDA61F150F5300C221D0 /* Resources */,
				C64D81A5210D2AFC0AC41075 /* [CP] Embed Pods Frameworks */,
				FF421A0EB0216BF83D2B9DD6 /* [CP] Copy Pods Resources */,
			);
			buildRules = (
			);
			dependencies = (
			);
			name = FirebasePM;
			productName = FirebasePM;
			productReference = 9AFFCDA81F150F5300C221D0 /* FirebasePM.app */;
			productType = "com.apple.product-type.application";
		};
/* End PBXNativeTarget section */

/* Begin PBXProject section */
		9AFFCDA01F150F5300C221D0 /* Project object */ = {
			isa = PBXProject;
			attributes = {
				LastSwiftUpdateCheck = 0830;
				LastUpgradeCheck = 0830;
				ORGANIZATIONNAME = "Kamil Tustanowski";
				TargetAttributes = {
					9AFFCDA71F150F5300C221D0 = {
						CreatedOnToolsVersion = 8.3;
						DevelopmentTeam = YMD9L4W8Z9;
						ProvisioningStyle = Automatic;
					};
				};
			};
			buildConfigurationList = 9AFFCDA31F150F5300C221D0 /* Build configuration list for PBXProject "FirebasePM" */;
			compatibilityVersion = "Xcode 3.2";
			developmentRegion = English;
			hasScannedForEncodings = 0;
			knownRegions = (
				en,
				Base,
			);
			mainGroup = 9AFFCD9F1F150F5300C221D0;
			productRefGroup = 9AFFCDA91F150F5300C221D0 /* Products */;
			projectDirPath = "";
			projectRoot = "";
			targets = (
				9AFFCDA71F150F5300C221D0 /* FirebasePM */,
			);
		};
/* End PBXProject section */

/* Begin PBXResourcesBuildPhase section */
		9AFFCDA61F150F5300C221D0 /* Resources */ = {
			isa = PBXResourcesBuildPhase;
			buildActionMask = 2147483647;
			files = (
				9AFFCDB61F150F5300C221D0 /* LaunchScreen.storyboard in Resources */,
				9AFFCDB31F150F5300C221D0 /* Assets.xcassets in Resources */,
				9AFFCDC01F15143E00C221D0 /* GoogleService-Info.plist in Resources */,
				9AFFCDBE1F150F6700C221D0 /* Podfile in Resources */,
				9AFFCDB11F150F5300C221D0 /* Main.storyboard in Resources */,
			);
			runOnlyForDeploymentPostprocessing = 0;
		};
/* End PBXResourcesBuildPhase section */

/* Begin PBXShellScriptBuildPhase section */
		16A6D2A47CA8EE84DDC31875 /* [CP] Check Pods Manifest.lock */ = {
			isa = PBXShellScriptBuildPhase;
			buildActionMask = 2147483647;
			files = (
			);
			inputPaths = (
			);
			name = "[CP] Check Pods Manifest.lock";
			outputPaths = (
			);
			runOnlyForDeploymentPostprocessing = 0;
			shellPath = /bin/sh;
			shellScript = "diff \"${PODS_PODFILE_DIR_PATH}/Podfile.lock\" \"${PODS_ROOT}/Manifest.lock\" > /dev/null\nif [ $? != 0 ] ; then\n    # print error to STDERR\n    echo \"error: The sandbox is not in sync with the Podfile.lock. Run 'pod install' or update your CocoaPods installation.\" >&2\n    exit 1\nfi\n";
			showEnvVarsInLog = 0;
		};
		C64D81A5210D2AFC0AC41075 /* [CP] Embed Pods Frameworks */ = {
			isa = PBXShellScriptBuildPhase;
			buildActionMask = 2147483647;
			files = (
			);
			inputPaths = (
			);
			name = "[CP] Embed Pods Frameworks";
			outputPaths = (
			);
			runOnlyForDeploymentPostprocessing = 0;
			shellPath = /bin/sh;
			shellScript = "\"${SRCROOT}/Pods/Target Support Files/Pods-FirebasePM/Pods-FirebasePM-frameworks.sh\"\n";
			showEnvVarsInLog = 0;
		};
		FF421A0EB0216BF83D2B9DD6 /* [CP] Copy Pods Resources */ = {
			isa = PBXShellScriptBuildPhase;
			buildActionMask = 2147483647;
			files = (
			);
			inputPaths = (
			);
			name = "[CP] Copy Pods Resources";
			outputPaths = (
			);
			runOnlyForDeploymentPostprocessing = 0;
			shellPath = /bin/sh;
			shellScript = "\"${SRCROOT}/Pods/Target Support Files/Pods-FirebasePM/Pods-FirebasePM-resources.sh\"\n";
			showEnvVarsInLog = 0;
		};
/* End PBXShellScriptBuildPhase section */

/* Begin PBXSourcesBuildPhase section */
		9AFFCDA41F150F5300C221D0 /* Sources */ = {
			isa = PBXSourcesBuildPhase;
			buildActionMask = 2147483647;
			files = (
				9AFFCDAE1F150F5300C221D0 /* ViewController.swift in Sources */,
				9AFFCDAC1F150F5300C221D0 /* AppDelegate.swift in Sources */,
			);
			runOnlyForDeploymentPostprocessing = 0;
		};
/* End PBXSourcesBuildPhase section */

/* Begin PBXVariantGroup section */
		9AFFCDAF1F150F5300C221D0 /* Main.storyboard */ = {
			isa = PBXVariantGroup;
			children = (
				9AFFCDB01F150F5300C221D0 /* Base */,
			);
			name = Main.storyboard;
			sourceTree = "<group>";
		};
		9AFFCDB41F150F5300C221D0 /* LaunchScreen.storyboard */ = {
			isa = PBXVariantGroup;
			children = (
				9AFFCDB51F150F5300C221D0 /* Base */,
			);
			name = LaunchScreen.storyboard;
			sourceTree = "<group>";
		};
/* End PBXVariantGroup section */

/* Begin XCBuildConfiguration section */
		9AFFCDB81F150F5300C221D0 /* Debug */ = {
			isa = XCBuildConfiguration;
			buildSettings = {
				ALWAYS_SEARCH_USER_PATHS = NO;
				CLANG_ANALYZER_NONNULL = YES;
				CLANG_ANALYZER_NUMBER_OBJECT_CONVERSION = YES_AGGRESSIVE;
				CLANG_CXX_LANGUAGE_STANDARD = "gnu++0x";
				CLANG_CXX_LIBRARY = "libc++";
				CLANG_ENABLE_MODULES = YES;
				CLANG_ENABLE_OBJC_ARC = YES;
				CLANG_WARN_BOOL_CONVERSION = YES;
				CLANG_WARN_CONSTANT_CONVERSION = YES;
				CLANG_WARN_DIRECT_OBJC_ISA_USAGE = YES_ERROR;
				CLANG_WARN_DOCUMENTATION_COMMENTS = YES;
				CLANG_WARN_EMPTY_BODY = YES;
				CLANG_WARN_ENUM_CONVERSION = YES;
				CLANG_WARN_INFINITE_RECURSION = YES;
				CLANG_WARN_INT_CONVERSION = YES;
				CLANG_WARN_OBJC_ROOT_CLASS = YES_ERROR;
				CLANG_WARN_SUSPICIOUS_MOVE = YES;
				CLANG_WARN_UNREACHABLE_CODE = YES;
				CLANG_WARN__DUPLICATE_METHOD_MATCH = YES;
				"CODE_SIGN_IDENTITY[sdk=iphoneos*]" = "iPhone Developer";
				COPY_PHASE_STRIP = NO;
				DEBUG_INFORMATION_FORMAT = dwarf;
				ENABLE_STRICT_OBJC_MSGSEND = YES;
				ENABLE_TESTABILITY = YES;
				GCC_C_LANGUAGE_STANDARD = gnu99;
				GCC_DYNAMIC_NO_PIC = NO;
				GCC_NO_COMMON_BLOCKS = YES;
				GCC_OPTIMIZATION_LEVEL = 0;
				GCC_PREPROCESSOR_DEFINITIONS = (
					"DEBUG=1",
					"$(inherited)",
				);
				GCC_WARN_64_TO_32_BIT_CONVERSION = YES;
				GCC_WARN_ABOUT_RETURN_TYPE = YES_ERROR;
				GCC_WARN_UNDECLARED_SELECTOR = YES;
				GCC_WARN_UNINITIALIZED_AUTOS = YES_AGGRESSIVE;
				GCC_WARN_UNUSED_FUNCTION = YES;
				GCC_WARN_UNUSED_VARIABLE = YES;
				IPHONEOS_DEPLOYMENT_TARGET = 10.3;
				MTL_ENABLE_DEBUG_INFO = YES;
				ONLY_ACTIVE_ARCH = YES;
				SDKROOT = iphoneos;
				SWIFT_ACTIVE_COMPILATION_CONDITIONS = DEBUG;
				SWIFT_OPTIMIZATION_LEVEL = "-Onone";
				TARGETED_DEVICE_FAMILY = "1,2";
			};
			name = Debug;
		};
		9AFFCDB91F150F5300C221D0 /* Release */ = {
			isa = XCBuildConfiguration;
			buildSettings = {
				ALWAYS_SEARCH_USER_PATHS = NO;
				CLANG_ANALYZER_NONNULL = YES;
				CLANG_ANALYZER_NUMBER_OBJECT_CONVERSION = YES_AGGRESSIVE;
				CLANG_CXX_LANGUAGE_STANDARD = "gnu++0x";
				CLANG_CXX_LIBRARY = "libc++";
				CLANG_ENABLE_MODULES = YES;
				CLANG_ENABLE_OBJC_ARC = YES;
				CLANG_WARN_BOOL_CONVERSION = YES;
				CLANG_WARN_CONSTANT_CONVERSION = YES;
				CLANG_WARN_DIRECT_OBJC_ISA_USAGE = YES_ERROR;
				CLANG_WARN_DOCUMENTATION_COMMENTS = YES;
				CLANG_WARN_EMPTY_BODY = YES;
				CLANG_WARN_ENUM_CONVERSION = YES;
				CLANG_WARN_INFINITE_RECURSION = YES;
				CLANG_WARN_INT_CONVERSION = YES;
				CLANG_WARN_OBJC_ROOT_CLASS = YES_ERROR;
				CLANG_WARN_SUSPICIOUS_MOVE = YES;
				CLANG_WARN_UNREACHABLE_CODE = YES;
				CLANG_WARN__DUPLICATE_METHOD_MATCH = YES;
				"CODE_SIGN_IDENTITY[sdk=iphoneos*]" = "iPhone Developer";
				COPY_PHASE_STRIP = NO;
				DEBUG_INFORMATION_FORMAT = "dwarf-with-dsym";
				ENABLE_NS_ASSERTIONS = NO;
				ENABLE_STRICT_OBJC_MSGSEND = YES;
				GCC_C_LANGUAGE_STANDARD = gnu99;
				GCC_NO_COMMON_BLOCKS = YES;
				GCC_WARN_64_TO_32_BIT_CONVERSION = YES;
				GCC_WARN_ABOUT_RETURN_TYPE = YES_ERROR;
				GCC_WARN_UNDECLARED_SELECTOR = YES;
				GCC_WARN_UNINITIALIZED_AUTOS = YES_AGGRESSIVE;
				GCC_WARN_UNUSED_FUNCTION = YES;
				GCC_WARN_UNUSED_VARIABLE = YES;
				IPHONEOS_DEPLOYMENT_TARGET = 10.3;
				MTL_ENABLE_DEBUG_INFO = NO;
				SDKROOT = iphoneos;
				SWIFT_OPTIMIZATION_LEVEL = "-Owholemodule";
				TARGETED_DEVICE_FAMILY = "1,2";
				VALIDATE_PRODUCT = YES;
			};
			name = Release;
		};
		9AFFCDBB1F150F5300C221D0 /* Debug */ = {
			isa = XCBuildConfiguration;
			baseConfigurationReference = FF557D4BCF0828DABD4852AD /* Pods-FirebasePM.debug.xcconfig */;
			buildSettings = {
				ASSETCATALOG_COMPILER_APPICON_NAME = AppIcon;
				DEVELOPMENT_TEAM = YMD9L4W8Z9;
				INFOPLIST_FILE = FirebasePM/Info.plist;
				LD_RUNPATH_SEARCH_PATHS = "$(inherited) @executable_path/Frameworks";
				PRODUCT_BUNDLE_IDENTIFIER = com.kamil.tustanowski.FirebasePM;
				PRODUCT_NAME = "$(TARGET_NAME)";
				SWIFT_VERSION = 3.0;
			};
			name = Debug;
		};
		9AFFCDBC1F150F5300C221D0 /* Release */ = {
			isa = XCBuildConfiguration;
			baseConfigurationReference = E61838C91390C953EC15EB79 /* Pods-FirebasePM.release.xcconfig */;
			buildSettings = {
				ASSETCATALOG_COMPILER_APPICON_NAME = AppIcon;
				DEVELOPMENT_TEAM = YMD9L4W8Z9;
				INFOPLIST_FILE = FirebasePM/Info.plist;
				LD_RUNPATH_SEARCH_PATHS = "$(inherited) @executable_path/Frameworks";
				PRODUCT_BUNDLE_IDENTIFIER = com.kamil.tustanowski.FirebasePM;
				PRODUCT_NAME = "$(TARGET_NAME)";
				SWIFT_VERSION = 3.0;
			};
			name = Release;
		};
/* End XCBuildConfiguration section */

/* Begin XCConfigurationList section */
		9AFFCDA31F150F5300C221D0 /* Build configuration list for PBXProject "FirebasePM" */ = {
			isa = XCConfigurationList;
			buildConfigurations = (
				9AFFCDB81F150F5300C221D0 /* Debug */,
				9AFFCDB91F150F5300C221D0 /* Release */,
			);
			defaultConfigurationIsVisible = 0;
			defaultConfigurationName = Release;
		};
		9AFFCDBA1F150F5300C221D0 /* Build configuration list for PBXNativeTarget "FirebasePM" */ = {
			isa = XCConfigurationList;
			buildConfigurations = (
				9AFFCDBB1F150F5300C221D0 /* Debug */,
				9AFFCDBC1F150F5300C221D0 /* Release */,
			);
			defaultConfigurationIsVisible = 0;
			defaultConfigurationName = Release;
		};
/* End XCConfigurationList section */
	};
	rootObject = 9AFFCDA01F150F5300C221D0 /* Project object */;
}
